// !$*UTF8*$!
{
	archiveVersion = 1;
	classes = {
	};
	objectVersion = 46;
	objects = {

/* Begin PBXBuildFile section */
		8B1D70F71F4F21E7009A28BE /* AppDelegate.swift in Sources */ = {isa = PBXBuildFile; fileRef = 8B1D70F61F4F21E7009A28BE /* AppDelegate.swift */; };
		8B1D70F91F4F21E7009A28BE /* ViewController.swift in Sources */ = {isa = PBXBuildFile; fileRef = 8B1D70F81F4F21E7009A28BE /* ViewController.swift */; };
		8B1D70FC1F4F21E7009A28BE /* Main.storyboard in Resources */ = {isa = PBXBuildFile; fileRef = 8B1D70FA1F4F21E7009A28BE /* Main.storyboard */; };
		8B1D70FE1F4F21E7009A28BE /* Assets.xcassets in Resources */ = {isa = PBXBuildFile; fileRef = 8B1D70FD1F4F21E7009A28BE /* Assets.xcassets */; };
		8B1D71011F4F21E7009A28BE /* LaunchScreen.storyboard in Resources */ = {isa = PBXBuildFile; fileRef = 8B1D70FF1F4F21E7009A28BE /* LaunchScreen.storyboard */; };
		8B1D710C1F4F21E7009A28BE /* StarWarsTests.swift in Sources */ = {isa = PBXBuildFile; fileRef = 8B1D710B1F4F21E7009A28BE /* StarWarsTests.swift */; };
		8B1D71171F4F21E7009A28BE /* StarWarsUITests.swift in Sources */ = {isa = PBXBuildFile; fileRef = 8B1D71161F4F21E7009A28BE /* StarWarsUITests.swift */; };
		8B1D71251F4F221D009A28BE /* Podfile in Resources */ = {isa = PBXBuildFile; fileRef = 8B1D71241F4F221D009A28BE /* Podfile */; };
		8B6FA5691F5067E700989D32 /* SWTableViewCell.swift in Sources */ = {isa = PBXBuildFile; fileRef = 8B6FA5681F5067E600989D32 /* SWTableViewCell.swift */; };
		8B6FA56E1F50798C00989D32 /* DetailVC.swift in Sources */ = {isa = PBXBuildFile; fileRef = 8B6FA56D1F50798C00989D32 /* DetailVC.swift */; };
		8B6FA5701F5079D000989D32 /* Constants.swift in Sources */ = {isa = PBXBuildFile; fileRef = 8B6FA56F1F5079D000989D32 /* Constants.swift */; };
		8BEB05151F4F22DB006B1CBE /* SwApi.swift in Sources */ = {isa = PBXBuildFile; fileRef = 8BEB05141F4F22DB006B1CBE /* SwApi.swift */; };
		8BEB05171F4F2323006B1CBE /* Film.swift in Sources */ = {isa = PBXBuildFile; fileRef = 8BEB05161F4F2323006B1CBE /* Film.swift */; };
		8BEB05191F4F2379006B1CBE /* RestApi.swift in Sources */ = {isa = PBXBuildFile; fileRef = 8BEB05181F4F2379006B1CBE /* RestApi.swift */; };
		EE8A1BBBDDE1990F7C210166 /* Pods_StarWars.framework in Frameworks */ = {isa = PBXBuildFile; fileRef = CFEA0D9D814C4D7BFEBC735F /* Pods_StarWars.framework */; };
/* End PBXBuildFile section */

/* Begin PBXContainerItemProxy section */
		8B1D71081F4F21E7009A28BE /* PBXContainerItemProxy */ = {
			isa = PBXContainerItemProxy;
			containerPortal = 8B1D70EB1F4F21E7009A28BE /* Project object */;
			proxyType = 1;
			remoteGlobalIDString = 8B1D70F21F4F21E7009A28BE;
			remoteInfo = StarWars;
		};
		8B1D71131F4F21E7009A28BE /* PBXContainerItemProxy */ = {
			isa = PBXContainerItemProxy;
			containerPortal = 8B1D70EB1F4F21E7009A28BE /* Project object */;
			proxyType = 1;
			remoteGlobalIDString = 8B1D70F21F4F21E7009A28BE;
			remoteInfo = StarWars;
		};
/* End PBXContainerItemProxy section */

/* Begin PBXFileReference section */
		2356865FA1886D8FF5EE0EBB /* Pods-StarWars.release.xcconfig */ = {isa = PBXFileReference; includeInIndex = 1; lastKnownFileType = text.xcconfig; name = "Pods-StarWars.release.xcconfig"; path = "Pods/Target Support Files/Pods-StarWars/Pods-StarWars.release.xcconfig"; sourceTree = "<group>"; };
		8B1D70F31F4F21E7009A28BE /* StarWars.app */ = {isa = PBXFileReference; explicitFileType = wrapper.application; includeInIndex = 0; path = StarWars.app; sourceTree = BUILT_PRODUCTS_DIR; };
		8B1D70F61F4F21E7009A28BE /* AppDelegate.swift */ = {isa = PBXFileReference; lastKnownFileType = sourcecode.swift; path = AppDelegate.swift; sourceTree = "<group>"; };
		8B1D70F81F4F21E7009A28BE /* ViewController.swift */ = {isa = PBXFileReference; lastKnownFileType = sourcecode.swift; path = ViewController.swift; sourceTree = "<group>"; };
		8B1D70FB1F4F21E7009A28BE /* Base */ = {isa = PBXFileReference; lastKnownFileType = file.storyboard; name = Base; path = Base.lproj/Main.storyboard; sourceTree = "<group>"; };
		8B1D70FD1F4F21E7009A28BE /* Assets.xcassets */ = {isa = PBXFileReference; lastKnownFileType = folder.assetcatalog; path = Assets.xcassets; sourceTree = "<group>"; };
		8B1D71001F4F21E7009A28BE /* Base */ = {isa = PBXFileReference; lastKnownFileType = file.storyboard; name = Base; path = Base.lproj/LaunchScreen.storyboard; sourceTree = "<group>"; };
		8B1D71021F4F21E7009A28BE /* Info.plist */ = {isa = PBXFileReference; lastKnownFileType = text.plist.xml; path = Info.plist; sourceTree = "<group>"; };
		8B1D71071F4F21E7009A28BE /* StarWarsTests.xctest */ = {isa = PBXFileReference; explicitFileType = wrapper.cfbundle; includeInIndex = 0; path = StarWarsTests.xctest; sourceTree = BUILT_PRODUCTS_DIR; };
		8B1D710B1F4F21E7009A28BE /* StarWarsTests.swift */ = {isa = PBXFileReference; lastKnownFileType = sourcecode.swift; path = StarWarsTests.swift; sourceTree = "<group>"; };
		8B1D710D1F4F21E7009A28BE /* Info.plist */ = {isa = PBXFileReference; lastKnownFileType = text.plist.xml; path = Info.plist; sourceTree = "<group>"; };
		8B1D71121F4F21E7009A28BE /* StarWarsUITests.xctest */ = {isa = PBXFileReference; explicitFileType = wrapper.cfbundle; includeInIndex = 0; path = StarWarsUITests.xctest; sourceTree = BUILT_PRODUCTS_DIR; };
		8B1D71161F4F21E7009A28BE /* StarWarsUITests.swift */ = {isa = PBXFileReference; lastKnownFileType = sourcecode.swift; path = StarWarsUITests.swift; sourceTree = "<group>"; };
		8B1D71181F4F21E7009A28BE /* Info.plist */ = {isa = PBXFileReference; lastKnownFileType = text.plist.xml; path = Info.plist; sourceTree = "<group>"; };
		8B1D71241F4F221D009A28BE /* Podfile */ = {isa = PBXFileReference; fileEncoding = 4; lastKnownFileType = text; path = Podfile; sourceTree = "<group>"; };
		8B6FA5681F5067E600989D32 /* SWTableViewCell.swift */ = {isa = PBXFileReference; fileEncoding = 4; lastKnownFileType = sourcecode.swift; path = SWTableViewCell.swift; sourceTree = "<group>"; };
		8B6FA56D1F50798C00989D32 /* DetailVC.swift */ = {isa = PBXFileReference; fileEncoding = 4; lastKnownFileType = sourcecode.swift; path = DetailVC.swift; sourceTree = "<group>"; };
		8B6FA56F1F5079D000989D32 /* Constants.swift */ = {isa = PBXFileReference; fileEncoding = 4; lastKnownFileType = sourcecode.swift; path = Constants.swift; sourceTree = "<group>"; };
		8BEB05141F4F22DB006B1CBE /* SwApi.swift */ = {isa = PBXFileReference; fileEncoding = 4; lastKnownFileType = sourcecode.swift; path = SwApi.swift; sourceTree = "<group>"; };
		8BEB05161F4F2323006B1CBE /* Film.swift */ = {isa = PBXFileReference; fileEncoding = 4; lastKnownFileType = sourcecode.swift; path = Film.swift; sourceTree = "<group>"; };
		8BEB05181F4F2379006B1CBE /* RestApi.swift */ = {isa = PBXFileReference; fileEncoding = 4; lastKnownFileType = sourcecode.swift; path = RestApi.swift; sourceTree = "<group>"; };
		CFEA0D9D814C4D7BFEBC735F /* Pods_StarWars.framework */ = {isa = PBXFileReference; explicitFileType = wrapper.framework; includeInIndex = 0; path = Pods_StarWars.framework; sourceTree = BUILT_PRODUCTS_DIR; };
		DD6B8457F19821BDF582D092 /* Pods-StarWars.debug.xcconfig */ = {isa = PBXFileReference; includeInIndex = 1; lastKnownFileType = text.xcconfig; name = "Pods-StarWars.debug.xcconfig"; path = "Pods/Target Support Files/Pods-StarWars/Pods-StarWars.debug.xcconfig"; sourceTree = "<group>"; };
/* End PBXFileReference section */

/* Begin PBXFrameworksBuildPhase section */
		8B1D70F01F4F21E7009A28BE /* Frameworks */ = {
			isa = PBXFrameworksBuildPhase;
			buildActionMask = 2147483647;
			files = (
				EE8A1BBBDDE1990F7C210166 /* Pods_StarWars.framework in Frameworks */,
			);
			runOnlyForDeploymentPostprocessing = 0;
		};
		8B1D71041F4F21E7009A28BE /* Frameworks */ = {
			isa = PBXFrameworksBuildPhase;
			buildActionMask = 2147483647;
			files = (
			);
			runOnlyForDeploymentPostprocessing = 0;
		};
		8B1D710F1F4F21E7009A28BE /* Frameworks */ = {
			isa = PBXFrameworksBuildPhase;
			buildActionMask = 2147483647;
			files = (
			);
			runOnlyForDeploymentPostprocessing = 0;
		};
/* End PBXFrameworksBuildPhase section */

/* Begin PBXGroup section */
		2D0856CF3389B303756207D4 /* Frameworks */ = {
			isa = PBXGroup;
			children = (
				CFEA0D9D814C4D7BFEBC735F /* Pods_StarWars.framework */,
			);
			name = Frameworks;
			sourceTree = "<group>";
		};
		70B798762C8DD25996BDADF4 /* Pods */ = {
			isa = PBXGroup;
			children = (
				DD6B8457F19821BDF582D092 /* Pods-StarWars.debug.xcconfig */,
				2356865FA1886D8FF5EE0EBB /* Pods-StarWars.release.xcconfig */,
			);
			name = Pods;
			sourceTree = "<group>";
		};
		8B1D70EA1F4F21E7009A28BE = {
			isa = PBXGroup;
			children = (
				8B1D71241F4F221D009A28BE /* Podfile */,
				8B1D70F51F4F21E7009A28BE /* StarWars */,
				8B1D710A1F4F21E7009A28BE /* StarWarsTests */,
				8B1D71151F4F21E7009A28BE /* StarWarsUITests */,
				8B1D70F41F4F21E7009A28BE /* Products */,
				70B798762C8DD25996BDADF4 /* Pods */,
				2D0856CF3389B303756207D4 /* Frameworks */,
			);
			sourceTree = "<group>";
		};
		8B1D70F41F4F21E7009A28BE /* Products */ = {
			isa = PBXGroup;
			children = (
				8B1D70F31F4F21E7009A28BE /* StarWars.app */,
				8B1D71071F4F21E7009A28BE /* StarWarsTests.xctest */,
				8B1D71121F4F21E7009A28BE /* StarWarsUITests.xctest */,
			);
			name = Products;
			sourceTree = "<group>";
		};
		8B1D70F51F4F21E7009A28BE /* StarWars */ = {
			isa = PBXGroup;
			children = (
				8B1D70F61F4F21E7009A28BE /* AppDelegate.swift */,
				8B6FA56F1F5079D000989D32 /* Constants.swift */,
				8B6FA56A1F50796500989D32 /* UI */,
				8B6FA5681F5067E600989D32 /* SWTableViewCell.swift */,
				8BEB051A1F4F2E69006B1CBE /* Apis */,
				8BEB051B1F4F2E6F006B1CBE /* Models */,
				8B1D70FA1F4F21E7009A28BE /* Main.storyboard */,
				8B1D70FD1F4F21E7009A28BE /* Assets.xcassets */,
				8B1D70FF1F4F21E7009A28BE /* LaunchScreen.storyboard */,
				8B1D71021F4F21E7009A28BE /* Info.plist */,
			);
			path = StarWars;
			sourceTree = "<group>";
		};
		8B1D710A1F4F21E7009A28BE /* StarWarsTests */ = {
			isa = PBXGroup;
			children = (
				8B1D710B1F4F21E7009A28BE /* StarWarsTests.swift */,
				8B1D710D1F4F21E7009A28BE /* Info.plist */,
			);
			path = StarWarsTests;
			sourceTree = "<group>";
		};
		8B1D71151F4F21E7009A28BE /* StarWarsUITests */ = {
			isa = PBXGroup;
			children = (
				8B1D71161F4F21E7009A28BE /* StarWarsUITests.swift */,
				8B1D71181F4F21E7009A28BE /* Info.plist */,
			);
			path = StarWarsUITests;
			sourceTree = "<group>";
		};
		8B6FA56A1F50796500989D32 /* UI */ = {
			isa = PBXGroup;
			children = (
				8B1D70F81F4F21E7009A28BE /* ViewController.swift */,
				8B6FA56D1F50798C00989D32 /* DetailVC.swift */,
			);
			name = UI;
			sourceTree = "<group>";
		};
		8BEB051A1F4F2E69006B1CBE /* Apis */ = {
			isa = PBXGroup;
			children = (
				8BEB05141F4F22DB006B1CBE /* SwApi.swift */,
				8BEB05181F4F2379006B1CBE /* RestApi.swift */,
			);
			name = Apis;
			sourceTree = "<group>";
		};
		8BEB051B1F4F2E6F006B1CBE /* Models */ = {
			isa = PBXGroup;
			children = (
				8BEB05161F4F2323006B1CBE /* Film.swift */,
			);
			name = Models;
			sourceTree = "<group>";
		};
/* End PBXGroup section */

/* Begin PBXNativeTarget section */
		8B1D70F21F4F21E7009A28BE /* StarWars */ = {
			isa = PBXNativeTarget;
			buildConfigurationList = 8B1D711B1F4F21E7009A28BE /* Build configuration list for PBXNativeTarget "StarWars" */;
			buildPhases = (
				9820723B54894625502A2F28 /* [CP] Check Pods Manifest.lock */,
				8B1D70EF1F4F21E7009A28BE /* Sources */,
				8B1D70F01F4F21E7009A28BE /* Frameworks */,
				8B1D70F11F4F21E7009A28BE /* Resources */,
				67E0524468B33D5931A22AD2 /* [CP] Embed Pods Frameworks */,
				51A0985A253D94735E829D42 /* [CP] Copy Pods Resources */,
			);
			buildRules = (
			);
			dependencies = (
			);
			name = StarWars;
			productName = StarWars;
			productReference = 8B1D70F31F4F21E7009A28BE /* StarWars.app */;
			productType = "com.apple.product-type.application";
		};
		8B1D71061F4F21E7009A28BE /* StarWarsTests */ = {
			isa = PBXNativeTarget;
			buildConfigurationList = 8B1D711E1F4F21E7009A28BE /* Build configuration list for PBXNativeTarget "StarWarsTests" */;
			buildPhases = (
				8B1D71031F4F21E7009A28BE /* Sources */,
				8B1D71041F4F21E7009A28BE /* Frameworks */,
				8B1D71051F4F21E7009A28BE /* Resources */,
			);
			buildRules = (
			);
			dependencies = (
				8B1D71091F4F21E7009A28BE /* PBXTargetDependency */,
			);
			name = StarWarsTests;
			productName = StarWarsTests;
			productReference = 8B1D71071F4F21E7009A28BE /* StarWarsTests.xctest */;
			productType = "com.apple.product-type.bundle.unit-test";
		};
		8B1D71111F4F21E7009A28BE /* StarWarsUITests */ = {
			isa = PBXNativeTarget;
			buildConfigurationList = 8B1D71211F4F21E7009A28BE /* Build configuration list for PBXNativeTarget "StarWarsUITests" */;
			buildPhases = (
				8B1D710E1F4F21E7009A28BE /* Sources */,
				8B1D710F1F4F21E7009A28BE /* Frameworks */,
				8B1D71101F4F21E7009A28BE /* Resources */,
			);
			buildRules = (
			);
			dependencies = (
				8B1D71141F4F21E7009A28BE /* PBXTargetDependency */,
			);
			name = StarWarsUITests;
			productName = StarWarsUITests;
			productReference = 8B1D71121F4F21E7009A28BE /* StarWarsUITests.xctest */;
			productType = "com.apple.product-type.bundle.ui-testing";
		};
/* End PBXNativeTarget section */

/* Begin PBXProject section */
		8B1D70EB1F4F21E7009A28BE /* Project object */ = {
			isa = PBXProject;
			attributes = {
				LastSwiftUpdateCheck = 0830;
				LastUpgradeCheck = 0830;
				ORGANIZATIONNAME = jimdanger;
				TargetAttributes = {
					8B1D70F21F4F21E7009A28BE = {
						CreatedOnToolsVersion = 8.3.3;
						DevelopmentTeam = 5MFLP3AQ7C;
						ProvisioningStyle = Automatic;
					};
					8B1D71061F4F21E7009A28BE = {
						CreatedOnToolsVersion = 8.3.3;
						DevelopmentTeam = 5MFLP3AQ7C;
						ProvisioningStyle = Automatic;
						TestTargetID = 8B1D70F21F4F21E7009A28BE;
					};
					8B1D71111F4F21E7009A28BE = {
						CreatedOnToolsVersion = 8.3.3;
						DevelopmentTeam = 5MFLP3AQ7C;
						ProvisioningStyle = Automatic;
						TestTargetID = 8B1D70F21F4F21E7009A28BE;
					};
				};
			};
			buildConfigurationList = 8B1D70EE1F4F21E7009A28BE /* Build configuration list for PBXProject "StarWars" */;
			compatibilityVersion = "Xcode 3.2";
			developmentRegion = English;
			hasScannedForEncodings = 0;
			knownRegions = (
				en,
				Base,
			);
			mainGroup = 8B1D70EA1F4F21E7009A28BE;
			productRefGroup = 8B1D70F41F4F21E7009A28BE /* Products */;
			projectDirPath = "";
			projectRoot = "";
			targets = (
				8B1D70F21F4F21E7009A28BE /* StarWars */,
				8B1D71061F4F21E7009A28BE /* StarWarsTests */,
				8B1D71111F4F21E7009A28BE /* StarWarsUITests */,
			);
		};
/* End PBXProject section */

/* Begin PBXResourcesBuildPhase section */
		8B1D70F11F4F21E7009A28BE /* Resources */ = {
			isa = PBXResourcesBuildPhase;
			buildActionMask = 2147483647;
			files = (
				8B1D71011F4F21E7009A28BE /* LaunchScreen.storyboard in Resources */,
				8B1D70FE1F4F21E7009A28BE /* Assets.xcassets in Resources */,
				8B1D71251F4F221D009A28BE /* Podfile in Resources */,
				8B1D70FC1F4F21E7009A28BE /* Main.storyboard in Resources */,
			);
			runOnlyForDeploymentPostprocessing = 0;
		};
		8B1D71051F4F21E7009A28BE /* Resources */ = {
			isa = PBXResourcesBuildPhase;
			buildActionMask = 2147483647;
			files = (
			);
			runOnlyForDeploymentPostprocessing = 0;
		};
		8B1D71101F4F21E7009A28BE /* Resources */ = {
			isa = PBXResourcesBuildPhase;
			buildActionMask = 2147483647;
			files = (
			);
			runOnlyForDeploymentPostprocessing = 0;
		};
/* End PBXResourcesBuildPhase section */

/* Begin PBXShellScriptBuildPhase section */
		51A0985A253D94735E829D42 /* [CP] Copy Pods Resources */ = {
			isa = PBXShellScriptBuildPhase;
			buildActionMask = 2147483647;
			files = (
			);
			inputPaths = (
			);
			name = "[CP] Copy Pods Resources";
			outputPaths = (
			);
			runOnlyForDeploymentPostprocessing = 0;
			shellPath = /bin/sh;
			shellScript = "\"${SRCROOT}/Pods/Target Support Files/Pods-StarWars/Pods-StarWars-resources.sh\"\n";
			showEnvVarsInLog = 0;
		};
		67E0524468B33D5931A22AD2 /* [CP] Embed Pods Frameworks */ = {
			isa = PBXShellScriptBuildPhase;
			buildActionMask = 2147483647;
			files = (
			);
			inputPaths = (
				"${SRCROOT}/Pods/Target Support Files/Pods-StarWars/Pods-StarWars-frameworks.sh",
				"${BUILT_PRODUCTS_DIR}/Alamofire/Alamofire.framework",
				"${BUILT_PRODUCTS_DIR}/AlamofireObjectMapper/AlamofireObjectMapper.framework",
				"${BUILT_PRODUCTS_DIR}/ObjectMapper/ObjectMapper.framework",
			);
			name = "[CP] Embed Pods Frameworks";
			outputPaths = (
				"${TARGET_BUILD_DIR}/${FRAMEWORKS_FOLDER_PATH}/Alamofire.framework",
				"${TARGET_BUILD_DIR}/${FRAMEWORKS_FOLDER_PATH}/AlamofireObjectMapper.framework",
				"${TARGET_BUILD_DIR}/${FRAMEWORKS_FOLDER_PATH}/ObjectMapper.framework",
			);
			runOnlyForDeploymentPostprocessing = 0;
			shellPath = /bin/sh;
			shellScript = "\"${SRCROOT}/Pods/Target Support Files/Pods-StarWars/Pods-StarWars-frameworks.sh\"\n";
			showEnvVarsInLog = 0;
		};
		9820723B54894625502A2F28 /* [CP] Check Pods Manifest.lock */ = {
			isa = PBXShellScriptBuildPhase;
			buildActionMask = 2147483647;
			files = (
			);
			inputPaths = (
				"${PODS_PODFILE_DIR_PATH}/Podfile.lock",
				"${PODS_ROOT}/Manifest.lock",
			);
			name = "[CP] Check Pods Manifest.lock";
			outputPaths = (
				"$(DERIVED_FILE_DIR)/Pods-StarWars-checkManifestLockResult.txt",
			);
			runOnlyForDeploymentPostprocessing = 0;
			shellPath = /bin/sh;
			shellScript = "diff \"${PODS_PODFILE_DIR_PATH}/Podfile.lock\" \"${PODS_ROOT}/Manifest.lock\" > /dev/null\nif [ $? != 0 ] ; then\n    # print error to STDERR\n    echo \"error: The sandbox is not in sync with the Podfile.lock. Run 'pod install' or update your CocoaPods installation.\" >&2\n    exit 1\nfi\n# This output is used by Xcode 'outputs' to avoid re-running this script phase.\necho \"SUCCESS\" > \"${SCRIPT_OUTPUT_FILE_0}\"\n";
			showEnvVarsInLog = 0;
		};
/* End PBXShellScriptBuildPhase section */

/* Begin PBXSourcesBuildPhase section */
		8B1D70EF1F4F21E7009A28BE /* Sources */ = {
			isa = PBXSourcesBuildPhase;
			buildActionMask = 2147483647;
			files = (
				8BEB05191F4F2379006B1CBE /* RestApi.swift in Sources */,
				8BEB05151F4F22DB006B1CBE /* SwApi.swift in Sources */,
				8BEB05171F4F2323006B1CBE /* Film.swift in Sources */,
				8B1D70F91F4F21E7009A28BE /* ViewController.swift in Sources */,
				8B1D70F71F4F21E7009A28BE /* AppDelegate.swift in Sources */,
				8B6FA5691F5067E700989D32 /* SWTableViewCell.swift in Sources */,
				8B6FA56E1F50798C00989D32 /* DetailVC.swift in Sources */,
				8B6FA5701F5079D000989D32 /* Constants.swift in Sources */,
			);
			runOnlyForDeploymentPostprocessing = 0;
		};
		8B1D71031F4F21E7009A28BE /* Sources */ = {
			isa = PBXSourcesBuildPhase;
			buildActionMask = 2147483647;
			files = (
				8B1D710C1F4F21E7009A28BE /* StarWarsTests.swift in Sources */,
			);
			runOnlyForDeploymentPostprocessing = 0;
		};
		8B1D710E1F4F21E7009A28BE /* Sources */ = {
			isa = PBXSourcesBuildPhase;
			buildActionMask = 2147483647;
			files = (
				8B1D71171F4F21E7009A28BE /* StarWarsUITests.swift in Sources */,
			);
			runOnlyForDeploymentPostprocessing = 0;
		};
/* End PBXSourcesBuildPhase section */

/* Begin PBXTargetDependency section */
		8B1D71091F4F21E7009A28BE /* PBXTargetDependency */ = {
			isa = PBXTargetDependency;
			target = 8B1D70F21F4F21E7009A28BE /* StarWars */;
			targetProxy = 8B1D71081F4F21E7009A28BE /* PBXContainerItemProxy */;
		};
		8B1D71141F4F21E7009A28BE /* PBXTargetDependency */ = {
			isa = PBXTargetDependency;
			target = 8B1D70F21F4F21E7009A28BE /* StarWars */;
			targetProxy = 8B1D71131F4F21E7009A28BE /* PBXContainerItemProxy */;
		};
/* End PBXTargetDependency section */

/* Begin PBXVariantGroup section */
		8B1D70FA1F4F21E7009A28BE /* Main.storyboard */ = {
			isa = PBXVariantGroup;
			children = (
				8B1D70FB1F4F21E7009A28BE /* Base */,
			);
			name = Main.storyboard;
			sourceTree = "<group>";
		};
		8B1D70FF1F4F21E7009A28BE /* LaunchScreen.storyboard */ = {
			isa = PBXVariantGroup;
			children = (
				8B1D71001F4F21E7009A28BE /* Base */,
			);
			name = LaunchScreen.storyboard;
			sourceTree = "<group>";
		};
/* End PBXVariantGroup section */

/* Begin XCBuildConfiguration section */
		8B1D71191F4F21E7009A28BE /* Debug */ = {
			isa = XCBuildConfiguration;
			buildSettings = {
				ALWAYS_SEARCH_USER_PATHS = NO;
				CLANG_ANALYZER_NONNULL = YES;
				CLANG_ANALYZER_NUMBER_OBJECT_CONVERSION = YES_AGGRESSIVE;
				CLANG_CXX_LANGUAGE_STANDARD = "gnu++0x";
				CLANG_CXX_LIBRARY = "libc++";
				CLANG_ENABLE_MODULES = YES;
				CLANG_ENABLE_OBJC_ARC = YES;
				CLANG_WARN_BOOL_CONVERSION = YES;
				CLANG_WARN_CONSTANT_CONVERSION = YES;
				CLANG_WARN_DIRECT_OBJC_ISA_USAGE = YES_ERROR;
				CLANG_WARN_DOCUMENTATION_COMMENTS = YES;
				CLANG_WARN_EMPTY_BODY = YES;
				CLANG_WARN_ENUM_CONVERSION = YES;
				CLANG_WARN_INFINITE_RECURSION = YES;
				CLANG_WARN_INT_CONVERSION = YES;
				CLANG_WARN_OBJC_ROOT_CLASS = YES_ERROR;
				CLANG_WARN_SUSPICIOUS_MOVE = YES;
				CLANG_WARN_UNREACHABLE_CODE = YES;
				CLANG_WARN__DUPLICATE_METHOD_MATCH = YES;
				"CODE_SIGN_IDENTITY[sdk=iphoneos*]" = "iPhone Developer";
				COPY_PHASE_STRIP = NO;
				DEBUG_INFORMATION_FORMAT = dwarf;
				ENABLE_STRICT_OBJC_MSGSEND = YES;
				ENABLE_TESTABILITY = YES;
				GCC_C_LANGUAGE_STANDARD = gnu99;
				GCC_DYNAMIC_NO_PIC = NO;
				GCC_NO_COMMON_BLOCKS = YES;
				GCC_OPTIMIZATION_LEVEL = 0;
				GCC_PREPROCESSOR_DEFINITIONS = (
					"DEBUG=1",
					"$(inherited)",
				);
				GCC_WARN_64_TO_32_BIT_CONVERSION = YES;
				GCC_WARN_ABOUT_RETURN_TYPE = YES_ERROR;
				GCC_WARN_UNDECLARED_SELECTOR = YES;
				GCC_WARN_UNINITIALIZED_AUTOS = YES_AGGRESSIVE;
				GCC_WARN_UNUSED_FUNCTION = YES;
				GCC_WARN_UNUSED_VARIABLE = YES;
				IPHONEOS_DEPLOYMENT_TARGET = 10.3;
				MTL_ENABLE_DEBUG_INFO = YES;
				ONLY_ACTIVE_ARCH = YES;
				SDKROOT = iphoneos;
				SWIFT_ACTIVE_COMPILATION_CONDITIONS = DEBUG;
				SWIFT_OPTIMIZATION_LEVEL = "-Onone";
				TARGETED_DEVICE_FAMILY = "1,2";
			};
			name = Debug;
		};
		8B1D711A1F4F21E7009A28BE /* Release */ = {
			isa = XCBuildConfiguration;
			buildSettings = {
				ALWAYS_SEARCH_USER_PATHS = NO;
				CLANG_ANALYZER_NONNULL = YES;
				CLANG_ANALYZER_NUMBER_OBJECT_CONVERSION = YES_AGGRESSIVE;
				CLANG_CXX_LANGUAGE_STANDARD = "gnu++0x";
				CLANG_CXX_LIBRARY = "libc++";
				CLANG_ENABLE_MODULES = YES;
				CLANG_ENABLE_OBJC_ARC = YES;
				CLANG_WARN_BOOL_CONVERSION = YES;
				CLANG_WARN_CONSTANT_CONVERSION = YES;
				CLANG_WARN_DIRECT_OBJC_ISA_USAGE = YES_ERROR;
				CLANG_WARN_DOCUMENTATION_COMMENTS = YES;
				CLANG_WARN_EMPTY_BODY = YES;
				CLANG_WARN_ENUM_CONVERSION = YES;
				CLANG_WARN_INFINITE_RECURSION = YES;
				CLANG_WARN_INT_CONVERSION = YES;
				CLANG_WARN_OBJC_ROOT_CLASS = YES_ERROR;
				CLANG_WARN_SUSPICIOUS_MOVE = YES;
				CLANG_WARN_UNREACHABLE_CODE = YES;
				CLANG_WARN__DUPLICATE_METHOD_MATCH = YES;
				"CODE_SIGN_IDENTITY[sdk=iphoneos*]" = "iPhone Developer";
				COPY_PHASE_STRIP = NO;
				DEBUG_INFORMATION_FORMAT = "dwarf-with-dsym";
				ENABLE_NS_ASSERTIONS = NO;
				ENABLE_STRICT_OBJC_MSGSEND = YES;
				GCC_C_LANGUAGE_STANDARD = gnu99;
				GCC_NO_COMMON_BLOCKS = YES;
				GCC_WARN_64_TO_32_BIT_CONVERSION = YES;
				GCC_WARN_ABOUT_RETURN_TYPE = YES_ERROR;
				GCC_WARN_UNDECLARED_SELECTOR = YES;
				GCC_WARN_UNINITIALIZED_AUTOS = YES_AGGRESSIVE;
				GCC_WARN_UNUSED_FUNCTION = YES;
				GCC_WARN_UNUSED_VARIABLE = YES;
				IPHONEOS_DEPLOYMENT_TARGET = 10.3;
				MTL_ENABLE_DEBUG_INFO = NO;
				SDKROOT = iphoneos;
				SWIFT_OPTIMIZATION_LEVEL = "-Owholemodule";
				TARGETED_DEVICE_FAMILY = "1,2";
				VALIDATE_PRODUCT = YES;
			};
			name = Release;
		};
		8B1D711C1F4F21E7009A28BE /* Debug */ = {
			isa = XCBuildConfiguration;
			baseConfigurationReference = DD6B8457F19821BDF582D092 /* Pods-StarWars.debug.xcconfig */;
			buildSettings = {
				ASSETCATALOG_COMPILER_APPICON_NAME = AppIcon;
				DEVELOPMENT_TEAM = 5MFLP3AQ7C;
				INFOPLIST_FILE = StarWars/Info.plist;
				LD_RUNPATH_SEARCH_PATHS = "$(inherited) @executable_path/Frameworks";
				PRODUCT_BUNDLE_IDENTIFIER = com.jimdanger.StarWars;
				PRODUCT_NAME = "$(TARGET_NAME)";
				SWIFT_VERSION = 3.0;
			};
			name = Debug;
		};
		8B1D711D1F4F21E7009A28BE /* Release */ = {
			isa = XCBuildConfiguration;
			baseConfigurationReference = 2356865FA1886D8FF5EE0EBB /* Pods-StarWars.release.xcconfig */;
			buildSettings = {
				ASSETCATALOG_COMPILER_APPICON_NAME = AppIcon;
				DEVELOPMENT_TEAM = 5MFLP3AQ7C;
				INFOPLIST_FILE = StarWars/Info.plist;
				LD_RUNPATH_SEARCH_PATHS = "$(inherited) @executable_path/Frameworks";
				PRODUCT_BUNDLE_IDENTIFIER = com.jimdanger.StarWars;
				PRODUCT_NAME = "$(TARGET_NAME)";
				SWIFT_VERSION = 3.0;
			};
			name = Release;
		};
		8B1D711F1F4F21E7009A28BE /* Debug */ = {
			isa = XCBuildConfiguration;
			buildSettings = {
				ALWAYS_EMBED_SWIFT_STANDARD_LIBRARIES = YES;
				BUNDLE_LOADER = "$(TEST_HOST)";
				DEVELOPMENT_TEAM = 5MFLP3AQ7C;
				INFOPLIST_FILE = StarWarsTests/Info.plist;
				LD_RUNPATH_SEARCH_PATHS = "$(inherited) @executable_path/Frameworks @loader_path/Frameworks";
				PRODUCT_BUNDLE_IDENTIFIER = com.jimdanger.StarWarsTests;
				PRODUCT_NAME = "$(TARGET_NAME)";
				SWIFT_VERSION = 3.0;
				TEST_HOST = "$(BUILT_PRODUCTS_DIR)/StarWars.app/StarWars";
			};
			name = Debug;
		};
		8B1D71201F4F21E7009A28BE /* Release */ = {
			isa = XCBuildConfiguration;
			buildSettings = {
				ALWAYS_EMBED_SWIFT_STANDARD_LIBRARIES = YES;
				BUNDLE_LOADER = "$(TEST_HOST)";
				DEVELOPMENT_TEAM = 5MFLP3AQ7C;
				INFOPLIST_FILE = StarWarsTests/Info.plist;
				LD_RUNPATH_SEARCH_PATHS = "$(inherited) @executable_path/Frameworks @loader_path/Frameworks";
				PRODUCT_BUNDLE_IDENTIFIER = com.jimdanger.StarWarsTests;
				PRODUCT_NAME = "$(TARGET_NAME)";
				SWIFT_VERSION = 3.0;
				TEST_HOST = "$(BUILT_PRODUCTS_DIR)/StarWars.app/StarWars";
			};
			name = Release;
		};
		8B1D71221F4F21E7009A28BE /* Debug */ = {
			isa = XCBuildConfiguration;
			buildSettings = {
				ALWAYS_EMBED_SWIFT_STANDARD_LIBRARIES = YES;
				DEVELOPMENT_TEAM = 5MFLP3AQ7C;
				INFOPLIST_FILE = StarWarsUITests/Info.plist;
				LD_RUNPATH_SEARCH_PATHS = "$(inherited) @executable_path/Frameworks @loader_path/Frameworks";
				PRODUCT_BUNDLE_IDENTIFIER = com.jimdanger.StarWarsUITests;
				PRODUCT_NAME = "$(TARGET_NAME)";
				SWIFT_VERSION = 3.0;
				TEST_TARGET_NAME = StarWars;
			};
			name = Debug;
		};
		8B1D71231F4F21E7009A28BE /* Release */ = {
			isa = XCBuildConfiguration;
			buildSettings = {
				ALWAYS_EMBED_SWIFT_STANDARD_LIBRARIES = YES;
				DEVELOPMENT_TEAM = 5MFLP3AQ7C;
				INFOPLIST_FILE = StarWarsUITests/Info.plist;
				LD_RUNPATH_SEARCH_PATHS = "$(inherited) @executable_path/Frameworks @loader_path/Frameworks";
				PRODUCT_BUNDLE_IDENTIFIER = com.jimdanger.StarWarsUITests;
				PRODUCT_NAME = "$(TARGET_NAME)";
				SWIFT_VERSION = 3.0;
				TEST_TARGET_NAME = StarWars;
			};
			name = Release;
		};
/* End XCBuildConfiguration section */

/* Begin XCConfigurationList section */
		8B1D70EE1F4F21E7009A28BE /* Build configuration list for PBXProject "StarWars" */ = {
			isa = XCConfigurationList;
			buildConfigurations = (
				8B1D71191F4F21E7009A28BE /* Debug */,
				8B1D711A1F4F21E7009A28BE /* Release */,
			);
			defaultConfigurationIsVisible = 0;
			defaultConfigurationName = Release;
		};
		8B1D711B1F4F21E7009A28BE /* Build configuration list for PBXNativeTarget "StarWars" */ = {
			isa = XCConfigurationList;
			buildConfigurations = (
				8B1D711C1F4F21E7009A28BE /* Debug */,
				8B1D711D1F4F21E7009A28BE /* Release */,
			);
			defaultConfigurationIsVisible = 0;
			defaultConfigurationName = Release;
		};
		8B1D711E1F4F21E7009A28BE /* Build configuration list for PBXNativeTarget "StarWarsTests" */ = {
			isa = XCConfigurationList;
			buildConfigurations = (
				8B1D711F1F4F21E7009A28BE /* Debug */,
				8B1D71201F4F21E7009A28BE /* Release */,
			);
			defaultConfigurationIsVisible = 0;
			defaultConfigurationName = Release;
		};
		8B1D71211F4F21E7009A28BE /* Build configuration list for PBXNativeTarget "StarWarsUITests" */ = {
			isa = XCConfigurationList;
			buildConfigurations = (
				8B1D71221F4F21E7009A28BE /* Debug */,
				8B1D71231F4F21E7009A28BE /* Release */,
			);
			defaultConfigurationIsVisible = 0;
			defaultConfigurationName = Release;
		};
/* End XCConfigurationList section */
	};
	rootObject = 8B1D70EB1F4F21E7009A28BE /* Project object */;
}
